// !$*UTF8*$!
{
	archiveVersion = 1;
	classes = {
	};
	objectVersion = 46;
	objects = {

/* Begin PBXBuildFile section */
		0489DC3115C66580001AED2F /* myAudio.m in Sources */ = {isa = PBXBuildFile; fileRef = 0489DC3015C66580001AED2F /* myAudio.m */; };
		0489DC4615C6661D001AED2F /* OpenAL.framework in Frameworks */ = {isa = PBXBuildFile; fileRef = 0489DC4515C6661D001AED2F /* OpenAL.framework */; };
		048B53ED15CBB26200147A8C /* SystemConfiguration.framework in Frameworks */ = {isa = PBXBuildFile; fileRef = 048B53EC15CBB26200147A8C /* SystemConfiguration.framework */; };
		048D2AE415BE81A6005107BD /* MediaPlayer.framework in Frameworks */ = {isa = PBXBuildFile; fileRef = 048D2AE315BE81A6005107BD /* MediaPlayer.framework */; };
		048D2AE815BE81BD005107BD /* QuartzCore.framework in Frameworks */ = {isa = PBXBuildFile; fileRef = 048D2AE715BE81BD005107BD /* QuartzCore.framework */; };
		048D2AEC15BE81D7005107BD /* CoreVideo.framework in Frameworks */ = {isa = PBXBuildFile; fileRef = 048D2AEB15BE81D7005107BD /* CoreVideo.framework */; };
		048D2AF015BE81E7005107BD /* CoreMedia.framework in Frameworks */ = {isa = PBXBuildFile; fileRef = 048D2AEF15BE81E7005107BD /* CoreMedia.framework */; };
		048D2AF415BE81EE005107BD /* AVFoundation.framework in Frameworks */ = {isa = PBXBuildFile; fileRef = 048D2AF315BE81EE005107BD /* AVFoundation.framework */; };
		048D2B2B15BE996E005107BD /* movie.mov in Resources */ = {isa = PBXBuildFile; fileRef = 048D2B2A15BE996E005107BD /* movie.mov */; };
		0496AA0615C262CA00526976 /* AssetsLibrary.framework in Frameworks */ = {isa = PBXBuildFile; fileRef = 0496AA0515C262CA00526976 /* AssetsLibrary.framework */; };
		0496AB9C15C2821800526976 /* AudioToolbox.framework in Frameworks */ = {isa = PBXBuildFile; fileRef = 0496AB9B15C2821800526976 /* AudioToolbox.framework */; };
		16607B4715FF89B30017FCC4 /* SHKActivityIndicator.m in Sources */ = {isa = PBXBuildFile; fileRef = 16607B4615FF89B30017FCC4 /* SHKActivityIndicator.m */; };
		16CCDE1415FE335800303965 /* SWRouteRecord.m in Sources */ = {isa = PBXBuildFile; fileRef = 16CCDE1315FE335800303965 /* SWRouteRecord.m */; };
		16FDB64C15FED1C7003DAC3A /* SWPathModel.m in Sources */ = {isa = PBXBuildFile; fileRef = 16FDB64B15FED1C7003DAC3A /* SWPathModel.m */; };
		1D60589F0D05DD5A006BFB54 /* Foundation.framework in Frameworks */ = {isa = PBXBuildFile; fileRef = 1D30AB110D05D00D00671497 /* Foundation.framework */; };
		1DF5F4E00D08C38300B7A737 /* UIKit.framework in Frameworks */ = {isa = PBXBuildFile; fileRef = 1DF5F4DF0D08C38300B7A737 /* UIKit.framework */; };
		288765A50DF7441C002DB57D /* CoreGraphics.framework in Frameworks */ = {isa = PBXBuildFile; fileRef = 288765A40DF7441C002DB57D /* CoreGraphics.framework */; };
		2D64C6351A48320400D5E112 /* Icon-60.png in Resources */ = {isa = PBXBuildFile; fileRef = 2D64C6241A48320400D5E112 /* Icon-60.png */; };
		2D64C6361A48320400D5E112 /* Icon-60@2x.png in Resources */ = {isa = PBXBuildFile; fileRef = 2D64C6251A48320400D5E112 /* Icon-60@2x.png */; };
		2D64C6371A48320400D5E112 /* Icon-60@3x.png in Resources */ = {isa = PBXBuildFile; fileRef = 2D64C6261A48320400D5E112 /* Icon-60@3x.png */; };
		2D64C6381A48320400D5E112 /* Icon-72.png in Resources */ = {isa = PBXBuildFile; fileRef = 2D64C6271A48320400D5E112 /* Icon-72.png */; };
		2D64C6391A48320400D5E112 /* Icon-72@2x.png in Resources */ = {isa = PBXBuildFile; fileRef = 2D64C6281A48320400D5E112 /* Icon-72@2x.png */; };
		2D64C63A1A48320400D5E112 /* Icon-76.png in Resources */ = {isa = PBXBuildFile; fileRef = 2D64C6291A48320400D5E112 /* Icon-76.png */; };
		2D64C63B1A48320400D5E112 /* Icon-76@2x.png in Resources */ = {isa = PBXBuildFile; fileRef = 2D64C62A1A48320400D5E112 /* Icon-76@2x.png */; };
		2D64C63C1A48320400D5E112 /* Icon-Small-50.png in Resources */ = {isa = PBXBuildFile; fileRef = 2D64C62B1A48320400D5E112 /* Icon-Small-50.png */; };
		2D64C63D1A48320400D5E112 /* Icon-Small-50@2x.png in Resources */ = {isa = PBXBuildFile; fileRef = 2D64C62C1A48320400D5E112 /* Icon-Small-50@2x.png */; };
		2D64C63E1A48320400D5E112 /* Icon-Small.png in Resources */ = {isa = PBXBuildFile; fileRef = 2D64C62D1A48320400D5E112 /* Icon-Small.png */; };
		2D64C63F1A48320400D5E112 /* Icon-Small@2x.png in Resources */ = {isa = PBXBuildFile; fileRef = 2D64C62E1A48320400D5E112 /* Icon-Small@2x.png */; };
		2D64C6401A48320400D5E112 /* Icon-Spotlight-40.png in Resources */ = {isa = PBXBuildFile; fileRef = 2D64C62F1A48320400D5E112 /* Icon-Spotlight-40.png */; };
		2D64C6411A48320400D5E112 /* Icon-Spotlight-40@2x.png in Resources */ = {isa = PBXBuildFile; fileRef = 2D64C6301A48320400D5E112 /* Icon-Spotlight-40@2x.png */; };
		2D64C6421A48320400D5E112 /* Icon.png in Resources */ = {isa = PBXBuildFile; fileRef = 2D64C6311A48320400D5E112 /* Icon.png */; };
		2D64C6431A48320400D5E112 /* Icon@2x.png in Resources */ = {isa = PBXBuildFile; fileRef = 2D64C6321A48320400D5E112 /* Icon@2x.png */; };
		2D64C6441A48320400D5E112 /* iTunesArtwork in Resources */ = {isa = PBXBuildFile; fileRef = 2D64C6331A48320400D5E112 /* iTunesArtwork */; };
		2D64C6451A48320400D5E112 /* iTunesArtwork@2x in Resources */ = {isa = PBXBuildFile; fileRef = 2D64C6341A48320400D5E112 /* iTunesArtwork@2x */; };
		500623A3157CAEB7008C2B07 /* CFNetwork.framework in Frameworks */ = {isa = PBXBuildFile; fileRef = 500623A2157CAEB7008C2B07 /* CFNetwork.framework */; };
		5008758915A74E0800A52053 /* icon.png in Resources */ = {isa = PBXBuildFile; fileRef = 5008758815A74E0800A52053 /* icon.png */; };
		504DE88D1600DE6000356F61 /* icon_r21_c3_s1.png in Resources */ = {isa = PBXBuildFile; fileRef = 504DE88C1600DE6000356F61 /* icon_r21_c3_s1.png */; };
		507EEA4A15AF13D0000FA84E /* AppDelegate.m in Sources */ = {isa = PBXBuildFile; fileRef = 507EEA0C15AF13D0000FA84E /* AppDelegate.m */; };
		507EEA4C15AF13D0000FA84E /* AsyncSocket.m in Sources */ = {isa = PBXBuildFile; fileRef = 507EEA0F15AF13D0000FA84E /* AsyncSocket.m */; };
		507EEA4E15AF13D0000FA84E /* DemoViewController.m in Sources */ = {isa = PBXBuildFile; fileRef = 507EEA1215AF13D0000FA84E /* DemoViewController.m */; };
		507EEA5015AF13D0000FA84E /* DjSocket.m in Sources */ = {isa = PBXBuildFile; fileRef = 507EEA1515AF13D0000FA84E /* DjSocket.m */; };
		507EEA5215AF13D0000FA84E /* main.m in Sources */ = {isa = PBXBuildFile; fileRef = 507EEA1715AF13D0000FA84E /* main.m */; };
		507EEA5415AF13D0000FA84E /* icon_r11_c13_s1.png in Resources */ = {isa = PBXBuildFile; fileRef = 507EEA1A15AF13D0000FA84E /* icon_r11_c13_s1.png */; };
		507EEA5515AF13D0000FA84E /* icon_r11_c18_s1.png in Resources */ = {isa = PBXBuildFile; fileRef = 507EEA1B15AF13D0000FA84E /* icon_r11_c18_s1.png */; };
		507EEA5615AF13D0000FA84E /* icon_r11_c24_s1.png in Resources */ = {isa = PBXBuildFile; fileRef = 507EEA1C15AF13D0000FA84E /* icon_r11_c24_s1.png */; };
		507EEA5715AF13D0000FA84E /* icon_r11_c30_s1.png in Resources */ = {isa = PBXBuildFile; fileRef = 507EEA1D15AF13D0000FA84E /* icon_r11_c30_s1.png */; };
		507EEA5815AF13D0000FA84E /* icon_r11_c33_s1.png in Resources */ = {isa = PBXBuildFile; fileRef = 507EEA1E15AF13D0000FA84E /* icon_r11_c33_s1.png */; };
		507EEA5915AF13D0000FA84E /* icon_r11_c5_s1.png in Resources */ = {isa = PBXBuildFile; fileRef = 507EEA1F15AF13D0000FA84E /* icon_r11_c5_s1.png */; };
		507EEA5A15AF13D0000FA84E /* icon_r13_c13_s1.png in Resources */ = {isa = PBXBuildFile; fileRef = 507EEA2015AF13D0000FA84E /* icon_r13_c13_s1.png */; };
		507EEA5B15AF13D0000FA84E /* icon_r13_c18_s1.png in Resources */ = {isa = PBXBuildFile; fileRef = 507EEA2115AF13D0000FA84E /* icon_r13_c18_s1.png */; };
		507EEA5C15AF13D0000FA84E /* icon_r13_c24_s1.png in Resources */ = {isa = PBXBuildFile; fileRef = 507EEA2215AF13D0000FA84E /* icon_r13_c24_s1.png */; };
		507EEA5D15AF13D0000FA84E /* icon_r13_c30_s1.png in Resources */ = {isa = PBXBuildFile; fileRef = 507EEA2315AF13D0000FA84E /* icon_r13_c30_s1.png */; };
		507EEA5E15AF13D0000FA84E /* icon_r13_c33_s1.png in Resources */ = {isa = PBXBuildFile; fileRef = 507EEA2415AF13D0000FA84E /* icon_r13_c33_s1.png */; };
		507EEA5F15AF13D0000FA84E /* icon_r13_c40_s1.png in Resources */ = {isa = PBXBuildFile; fileRef = 507EEA2515AF13D0000FA84E /* icon_r13_c40_s1.png */; };
		507EEA6015AF13D0000FA84E /* icon_r13_c5_s1.png in Resources */ = {isa = PBXBuildFile; fileRef = 507EEA2615AF13D0000FA84E /* icon_r13_c5_s1.png */; };
		507EEA6115AF13D0000FA84E /* icon_r15_c13_s1.png in Resources */ = {isa = PBXBuildFile; fileRef = 507EEA2715AF13D0000FA84E /* icon_r15_c13_s1.png */; };
		507EEA6215AF13D0000FA84E /* icon_r15_c18_s1.png in Resources */ = {isa = PBXBuildFile; fileRef = 507EEA2815AF13D0000FA84E /* icon_r15_c18_s1.png */; };
		507EEA6315AF13D0000FA84E /* icon_r15_c24_s1.png in Resources */ = {isa = PBXBuildFile; fileRef = 507EEA2915AF13D0000FA84E /* icon_r15_c24_s1.png */; };
		507EEA6415AF13D0000FA84E /* icon_r15_c30_s1.png in Resources */ = {isa = PBXBuildFile; fileRef = 507EEA2A15AF13D0000FA84E /* icon_r15_c30_s1.png */; };
		507EEA6515AF13D0000FA84E /* icon_r15_c33_s1.png in Resources */ = {isa = PBXBuildFile; fileRef = 507EEA2B15AF13D0000FA84E /* icon_r15_c33_s1.png */; };
		507EEA6615AF13D0000FA84E /* icon_r15_c40_s1.png in Resources */ = {isa = PBXBuildFile; fileRef = 507EEA2C15AF13D0000FA84E /* icon_r15_c40_s1.png */; };
		507EEA6715AF13D0000FA84E /* icon_r15_c5_s1.png in Resources */ = {isa = PBXBuildFile; fileRef = 507EEA2D15AF13D0000FA84E /* icon_r15_c5_s1.png */; };
		507EEA6815AF13D0000FA84E /* icon_r17_c44_s1.png in Resources */ = {isa = PBXBuildFile; fileRef = 507EEA2E15AF13D0000FA84E /* icon_r17_c44_s1.png */; };
		507EEA6915AF13D0000FA84E /* icon_r17_c46_s1.png in Resources */ = {isa = PBXBuildFile; fileRef = 507EEA2F15AF13D0000FA84E /* icon_r17_c46_s1.png */; };
		507EEA6A15AF13D0000FA84E /* icon_r18_c34_s1.png in Resources */ = {isa = PBXBuildFile; fileRef = 507EEA3015AF13D0000FA84E /* icon_r18_c34_s1.png */; };
		507EEA6B15AF13D0000FA84E /* icon_r18_c39_s1.png in Resources */ = {isa = PBXBuildFile; fileRef = 507EEA3115AF13D0000FA84E /* icon_r18_c39_s1.png */; };
		507EEA6C15AF13D0000FA84E /* icon_r19_c11_s1.png in Resources */ = {isa = PBXBuildFile; fileRef = 507EEA3215AF13D0000FA84E /* icon_r19_c11_s1.png */; };
		507EEA6D15AF13D0000FA84E /* icon_r19_c19_s1.png in Resources */ = {isa = PBXBuildFile; fileRef = 507EEA3315AF13D0000FA84E /* icon_r19_c19_s1.png */; };
		507EEA6E15AF13D0000FA84E /* icon_r19_c24_s1.png in Resources */ = {isa = PBXBuildFile; fileRef = 507EEA3415AF13D0000FA84E /* icon_r19_c24_s1.png */; };
		507EEA6F15AF13D0000FA84E /* icon_r19_c3_s1.png in Resources */ = {isa = PBXBuildFile; fileRef = 507EEA3515AF13D0000FA84E /* icon_r19_c3_s1.png */; };
		507EEA7015AF13D0000FA84E /* icon_r2_c12_s1.png in Resources */ = {isa = PBXBuildFile; fileRef = 507EEA3615AF13D0000FA84E /* icon_r2_c12_s1.png */; };
		507EEA7115AF13D0000FA84E /* icon_r2_c21_s1.png in Resources */ = {isa = PBXBuildFile; fileRef = 507EEA3715AF13D0000FA84E /* icon_r2_c21_s1.png */; };
		507EEA7215AF13D0000FA84E /* icon_r2_c27_s1.png in Resources */ = {isa = PBXBuildFile; fileRef = 507EEA3815AF13D0000FA84E /* icon_r2_c27_s1.png */; };
		507EEA7315AF13D0000FA84E /* icon_r2_c4_s1.png in Resources */ = {isa = PBXBuildFile; fileRef = 507EEA3915AF13D0000FA84E /* icon_r2_c4_s1.png */; };
		507EEA7415AF13D0000FA84E /* icon_r4_c32_s1.png in Resources */ = {isa = PBXBuildFile; fileRef = 507EEA3A15AF13D0000FA84E /* icon_r4_c32_s1.png */; };
		507EEA7515AF13D0000FA84E /* icon_r4_c37_s1.png in Resources */ = {isa = PBXBuildFile; fileRef = 507EEA3B15AF13D0000FA84E /* icon_r4_c37_s1.png */; };
		507EEA7615AF13D0000FA84E /* icon_r5_c20_s1.png in Resources */ = {isa = PBXBuildFile; fileRef = 507EEA3C15AF13D0000FA84E /* icon_r5_c20_s1.png */; };
		507EEA7715AF13D0000FA84E /* icon_r5_c26_s1.png in Resources */ = {isa = PBXBuildFile; fileRef = 507EEA3D15AF13D0000FA84E /* icon_r5_c26_s1.png */; };
		507EEA7815AF13D0000FA84E /* icon_r5_c2_s1.png in Resources */ = {isa = PBXBuildFile; fileRef = 507EEA3E15AF13D0000FA84E /* icon_r5_c2_s1.png */; };
		507EEA7915AF13D0000FA84E /* icon_r5_c7_s1.png in Resources */ = {isa = PBXBuildFile; fileRef = 507EEA3F15AF13D0000FA84E /* icon_r5_c7_s1.png */; };
		507EEA7A15AF13D0000FA84E /* icon_r6_c32_s1.png in Resources */ = {isa = PBXBuildFile; fileRef = 507EEA4015AF13D0000FA84E /* icon_r6_c32_s1.png */; };
		507EEA7B15AF13D0000FA84E /* icon_r6_c37_s1.png in Resources */ = {isa = PBXBuildFile; fileRef = 507EEA4115AF13D0000FA84E /* icon_r6_c37_s1.png */; };
		507EEA7C15AF13D0000FA84E /* icon_r9_c13_s1.png in Resources */ = {isa = PBXBuildFile; fileRef = 507EEA4215AF13D0000FA84E /* icon_r9_c13_s1.png */; };
		507EEA7D15AF13D0000FA84E /* icon_r9_c18_s1.png in Resources */ = {isa = PBXBuildFile; fileRef = 507EEA4315AF13D0000FA84E /* icon_r9_c18_s1.png */; };
		507EEA7E15AF13D0000FA84E /* icon_r9_c24_s1.png in Resources */ = {isa = PBXBuildFile; fileRef = 507EEA4415AF13D0000FA84E /* icon_r9_c24_s1.png */; };
		507EEA7F15AF13D0000FA84E /* icon_r9_c30_s1.png in Resources */ = {isa = PBXBuildFile; fileRef = 507EEA4515AF13D0000FA84E /* icon_r9_c30_s1.png */; };
		507EEA8015AF13D0000FA84E /* icon_r9_c33_s1.png in Resources */ = {isa = PBXBuildFile; fileRef = 507EEA4615AF13D0000FA84E /* icon_r9_c33_s1.png */; };
		507EEA8115AF13D0000FA84E /* icon_r9_c5_s1.png in Resources */ = {isa = PBXBuildFile; fileRef = 507EEA4715AF13D0000FA84E /* icon_r9_c5_s1.png */; };
		509DE1C415F6F6270075178F /* myVideo.m in Sources */ = {isa = PBXBuildFile; fileRef = 509DE1C315F6F6270075178F /* myVideo.m */; };
		5A2FC77B1A3D3F09000BCBF2 /* Images.xcassets in Resources */ = {isa = PBXBuildFile; fileRef = 5A2FC77A1A3D3F09000BCBF2 /* Images.xcassets */; };
		5A2FC7821A3D3F15000BCBF2 /* Default-1242.png in Resources */ = {isa = PBXBuildFile; fileRef = 5A2FC77D1A3D3F15000BCBF2 /* Default-1242.png */; };
		5A2FC7831A3D3F15000BCBF2 /* Default-568h@2x.png in Resources */ = {isa = PBXBuildFile; fileRef = 5A2FC77E1A3D3F15000BCBF2 /* Default-568h@2x.png */; };
		5A2FC7841A3D3F15000BCBF2 /* Default-750.png in Resources */ = {isa = PBXBuildFile; fileRef = 5A2FC77F1A3D3F15000BCBF2 /* Default-750.png */; };
		5A2FC7851A3D3F15000BCBF2 /* Default.png in Resources */ = {isa = PBXBuildFile; fileRef = 5A2FC7801A3D3F15000BCBF2 /* Default.png */; };
		5A2FC7861A3D3F15000BCBF2 /* Default@2x.png in Resources */ = {isa = PBXBuildFile; fileRef = 5A2FC7811A3D3F15000BCBF2 /* Default@2x.png */; };
		D8BC4E9915DD296D00B012B6 /* KKScrollView.m in Sources */ = {isa = PBXBuildFile; fileRef = D8BC4E9815DD296D00B012B6 /* KKScrollView.m */; };
		D8BC4E9D15DD297800B012B6 /* TapDetectingImageView.mm in Sources */ = {isa = PBXBuildFile; fileRef = D8BC4E9C15DD297800B012B6 /* TapDetectingImageView.mm */; };
/* End PBXBuildFile section */

/* Begin PBXFileReference section */
		0489DC2F15C66580001AED2F /* myAudio.h */ = {isa = PBXFileReference; fileEncoding = 4; lastKnownFileType = sourcecode.c.h; path = myAudio.h; sourceTree = "<group>"; };
		0489DC3015C66580001AED2F /* myAudio.m */ = {isa = PBXFileReference; fileEncoding = 4; lastKnownFileType = sourcecode.c.objc; path = myAudio.m; sourceTree = "<group>"; };
		0489DC4515C6661D001AED2F /* OpenAL.framework */ = {isa = PBXFileReference; lastKnownFileType = wrapper.framework; name = OpenAL.framework; path = System/Library/Frameworks/OpenAL.framework; sourceTree = SDKROOT; };
		048B53EC15CBB26200147A8C /* SystemConfiguration.framework */ = {isa = PBXFileReference; lastKnownFileType = wrapper.framework; name = SystemConfiguration.framework; path = System/Library/Frameworks/SystemConfiguration.framework; sourceTree = SDKROOT; };
		048D2AE315BE81A6005107BD /* MediaPlayer.framework */ = {isa = PBXFileReference; lastKnownFileType = wrapper.framework; name = MediaPlayer.framework; path = System/Library/Frameworks/MediaPlayer.framework; sourceTree = SDKROOT; };
		048D2AE715BE81BD005107BD /* QuartzCore.framework */ = {isa = PBXFileReference; lastKnownFileType = wrapper.framework; name = QuartzCore.framework; path = System/Library/Frameworks/QuartzCore.framework; sourceTree = SDKROOT; };
		048D2AEB15BE81D7005107BD /* CoreVideo.framework */ = {isa = PBXFileReference; lastKnownFileType = wrapper.framework; name = CoreVideo.framework; path = System/Library/Frameworks/CoreVideo.framework; sourceTree = SDKROOT; };
		048D2AEF15BE81E7005107BD /* CoreMedia.framework */ = {isa = PBXFileReference; lastKnownFileType = wrapper.framework; name = CoreMedia.framework; path = System/Library/Frameworks/CoreMedia.framework; sourceTree = SDKROOT; };
		048D2AF315BE81EE005107BD /* AVFoundation.framework */ = {isa = PBXFileReference; lastKnownFileType = wrapper.framework; name = AVFoundation.framework; path = System/Library/Frameworks/AVFoundation.framework; sourceTree = SDKROOT; };
		048D2B2A15BE996E005107BD /* movie.mov */ = {isa = PBXFileReference; lastKnownFileType = video.quicktime; path = movie.mov; sourceTree = "<group>"; };
		0496959915B1927500547217 /* Untitled-Info.plist */ = {isa = PBXFileReference; lastKnownFileType = text.plist.xml; path = "Untitled-Info.plist"; sourceTree = "<group>"; };
		0496AA0515C262CA00526976 /* AssetsLibrary.framework */ = {isa = PBXFileReference; lastKnownFileType = wrapper.framework; name = AssetsLibrary.framework; path = System/Library/Frameworks/AssetsLibrary.framework; sourceTree = SDKROOT; };
		0496AB9B15C2821800526976 /* AudioToolbox.framework */ = {isa = PBXFileReference; lastKnownFileType = wrapper.framework; name = AudioToolbox.framework; path = System/Library/Frameworks/AudioToolbox.framework; sourceTree = SDKROOT; };
		16607B4515FF89B30017FCC4 /* SHKActivityIndicator.h */ = {isa = PBXFileReference; fileEncoding = 4; lastKnownFileType = sourcecode.c.h; path = SHKActivityIndicator.h; sourceTree = "<group>"; };
		16607B4615FF89B30017FCC4 /* SHKActivityIndicator.m */ = {isa = PBXFileReference; fileEncoding = 4; lastKnownFileType = sourcecode.c.objc; path = SHKActivityIndicator.m; sourceTree = "<group>"; };
		16CCDE1215FE335800303965 /* SWRouteRecord.h */ = {isa = PBXFileReference; fileEncoding = 4; lastKnownFileType = sourcecode.c.h; path = SWRouteRecord.h; sourceTree = "<group>"; };
		16CCDE1315FE335800303965 /* SWRouteRecord.m */ = {isa = PBXFileReference; fileEncoding = 4; lastKnownFileType = sourcecode.c.objc; path = SWRouteRecord.m; sourceTree = "<group>"; };
		16FDB64A15FED1C7003DAC3A /* SWPathModel.h */ = {isa = PBXFileReference; fileEncoding = 4; lastKnownFileType = sourcecode.c.h; path = SWPathModel.h; sourceTree = "<group>"; };
		16FDB64B15FED1C7003DAC3A /* SWPathModel.m */ = {isa = PBXFileReference; fileEncoding = 4; lastKnownFileType = sourcecode.c.objc; path = SWPathModel.m; sourceTree = "<group>"; };
		1D30AB110D05D00D00671497 /* Foundation.framework */ = {isa = PBXFileReference; lastKnownFileType = wrapper.framework; name = Foundation.framework; path = System/Library/Frameworks/Foundation.framework; sourceTree = SDKROOT; };
		1D6058910D05DD3D006BFB54 /* Monicar.app */ = {isa = PBXFileReference; explicitFileType = wrapper.application; includeInIndex = 0; path = Monicar.app; sourceTree = BUILT_PRODUCTS_DIR; };
		1DF5F4DF0D08C38300B7A737 /* UIKit.framework */ = {isa = PBXFileReference; lastKnownFileType = wrapper.framework; name = UIKit.framework; path = System/Library/Frameworks/UIKit.framework; sourceTree = SDKROOT; };
		288765A40DF7441C002DB57D /* CoreGraphics.framework */ = {isa = PBXFileReference; lastKnownFileType = wrapper.framework; name = CoreGraphics.framework; path = System/Library/Frameworks/CoreGraphics.framework; sourceTree = SDKROOT; };
		2D64C6241A48320400D5E112 /* Icon-60.png */ = {isa = PBXFileReference; lastKnownFileType = image.png; path = "Icon-60.png"; sourceTree = "<group>"; };
		2D64C6251A48320400D5E112 /* Icon-60@2x.png */ = {isa = PBXFileReference; lastKnownFileType = image.png; path = "Icon-60@2x.png"; sourceTree = "<group>"; };
		2D64C6261A48320400D5E112 /* Icon-60@3x.png */ = {isa = PBXFileReference; lastKnownFileType = image.png; path = "Icon-60@3x.png"; sourceTree = "<group>"; };
		2D64C6271A48320400D5E112 /* Icon-72.png */ = {isa = PBXFileReference; lastKnownFileType = image.png; path = "Icon-72.png"; sourceTree = "<group>"; };
		2D64C6281A48320400D5E112 /* Icon-72@2x.png */ = {isa = PBXFileReference; lastKnownFileType = image.png; path = "Icon-72@2x.png"; sourceTree = "<group>"; };
		2D64C6291A48320400D5E112 /* Icon-76.png */ = {isa = PBXFileReference; lastKnownFileType = image.png; path = "Icon-76.png"; sourceTree = "<group>"; };
		2D64C62A1A48320400D5E112 /* Icon-76@2x.png */ = {isa = PBXFileReference; lastKnownFileType = image.png; path = "Icon-76@2x.png"; sourceTree = "<group>"; };
		2D64C62B1A48320400D5E112 /* Icon-Small-50.png */ = {isa = PBXFileReference; lastKnownFileType = image.png; path = "Icon-Small-50.png"; sourceTree = "<group>"; };
		2D64C62C1A48320400D5E112 /* Icon-Small-50@2x.png */ = {isa = PBXFileReference; lastKnownFileType = image.png; path = "Icon-Small-50@2x.png"; sourceTree = "<group>"; };
		2D64C62D1A48320400D5E112 /* Icon-Small.png */ = {isa = PBXFileReference; lastKnownFileType = image.png; path = "Icon-Small.png"; sourceTree = "<group>"; };
		2D64C62E1A48320400D5E112 /* Icon-Small@2x.png */ = {isa = PBXFileReference; lastKnownFileType = image.png; path = "Icon-Small@2x.png"; sourceTree = "<group>"; };
		2D64C62F1A48320400D5E112 /* Icon-Spotlight-40.png */ = {isa = PBXFileReference; lastKnownFileType = image.png; path = "Icon-Spotlight-40.png"; sourceTree = "<group>"; };
		2D64C6301A48320400D5E112 /* Icon-Spotlight-40@2x.png */ = {isa = PBXFileReference; lastKnownFileType = image.png; path = "Icon-Spotlight-40@2x.png"; sourceTree = "<group>"; };
		2D64C6311A48320400D5E112 /* Icon.png */ = {isa = PBXFileReference; lastKnownFileType = image.png; path = Icon.png; sourceTree = "<group>"; };
		2D64C6321A48320400D5E112 /* Icon@2x.png */ = {isa = PBXFileReference; lastKnownFileType = image.png; path = "Icon@2x.png"; sourceTree = "<group>"; };
		2D64C6331A48320400D5E112 /* iTunesArtwork */ = {isa = PBXFileReference; lastKnownFileType = file; path = iTunesArtwork; sourceTree = "<group>"; };
		2D64C6341A48320400D5E112 /* iTunesArtwork@2x */ = {isa = PBXFileReference; lastKnownFileType = file; path = "iTunesArtwork@2x"; sourceTree = "<group>"; };
		500623A2157CAEB7008C2B07 /* CFNetwork.framework */ = {isa = PBXFileReference; lastKnownFileType = wrapper.framework; name = CFNetwork.framework; path = System/Library/Frameworks/CFNetwork.framework; sourceTree = SDKROOT; };
		500623B6157CB163008C2B07 /* Test_Prefix.pch */ = {isa = PBXFileReference; fileEncoding = 4; lastKnownFileType = sourcecode.c.h; path = Test_Prefix.pch; sourceTree = "<group>"; };
		500623B7157CB163008C2B07 /* Test-Info.plist */ = {isa = PBXFileReference; fileEncoding = 4; lastKnownFileType = text.plist.xml; path = "Test-Info.plist"; sourceTree = "<group>"; };
		5008758815A74E0800A52053 /* icon.png */ = {isa = PBXFileReference; lastKnownFileType = image.png; path = icon.png; sourceTree = "<group>"; };
		504DE88C1600DE6000356F61 /* icon_r21_c3_s1.png */ = {isa = PBXFileReference; lastKnownFileType = image.png; path = icon_r21_c3_s1.png; sourceTree = "<group>"; };
		507EEA0B15AF13D0000FA84E /* AppDelegate.h */ = {isa = PBXFileReference; fileEncoding = 4; lastKnownFileType = sourcecode.c.h; path = AppDelegate.h; sourceTree = "<group>"; };
		507EEA0C15AF13D0000FA84E /* AppDelegate.m */ = {isa = PBXFileReference; fileEncoding = 4; lastKnownFileType = sourcecode.c.objc; path = AppDelegate.m; sourceTree = "<group>"; };
		507EEA0E15AF13D0000FA84E /* AsyncSocket.h */ = {isa = PBXFileReference; fileEncoding = 4; lastKnownFileType = sourcecode.c.h; path = AsyncSocket.h; sourceTree = "<group>"; };
		507EEA0F15AF13D0000FA84E /* AsyncSocket.m */ = {isa = PBXFileReference; fileEncoding = 4; lastKnownFileType = sourcecode.c.objc; path = AsyncSocket.m; sourceTree = "<group>"; };
		507EEA1115AF13D0000FA84E /* DemoViewController.h */ = {isa = PBXFileReference; fileEncoding = 4; lastKnownFileType = sourcecode.c.h; path = DemoViewController.h; sourceTree = "<group>"; };
		507EEA1215AF13D0000FA84E /* DemoViewController.m */ = {isa = PBXFileReference; fileEncoding = 4; lastKnownFileType = sourcecode.c.objc; path = DemoViewController.m; sourceTree = "<group>"; };
		507EEA1415AF13D0000FA84E /* DjSocket.h */ = {isa = PBXFileReference; fileEncoding = 4; lastKnownFileType = sourcecode.c.h; path = DjSocket.h; sourceTree = "<group>"; };
		507EEA1515AF13D0000FA84E /* DjSocket.m */ = {isa = PBXFileReference; fileEncoding = 4; lastKnownFileType = sourcecode.c.objc; path = DjSocket.m; sourceTree = "<group>"; };
		507EEA1715AF13D0000FA84E /* main.m */ = {isa = PBXFileReference; fileEncoding = 4; lastKnownFileType = sourcecode.c.objc; path = main.m; sourceTree = "<group>"; };
		507EEA1A15AF13D0000FA84E /* icon_r11_c13_s1.png */ = {isa = PBXFileReference; lastKnownFileType = image.png; path = icon_r11_c13_s1.png; sourceTree = "<group>"; };
		507EEA1B15AF13D0000FA84E /* icon_r11_c18_s1.png */ = {isa = PBXFileReference; lastKnownFileType = image.png; path = icon_r11_c18_s1.png; sourceTree = "<group>"; };
		507EEA1C15AF13D0000FA84E /* icon_r11_c24_s1.png */ = {isa = PBXFileReference; lastKnownFileType = image.png; path = icon_r11_c24_s1.png; sourceTree = "<group>"; };
		507EEA1D15AF13D0000FA84E /* icon_r11_c30_s1.png */ = {isa = PBXFileReference; lastKnownFileType = image.png; path = icon_r11_c30_s1.png; sourceTree = "<group>"; };
		507EEA1E15AF13D0000FA84E /* icon_r11_c33_s1.png */ = {isa = PBXFileReference; lastKnownFileType = image.png; path = icon_r11_c33_s1.png; sourceTree = "<group>"; };
		507EEA1F15AF13D0000FA84E /* icon_r11_c5_s1.png */ = {isa = PBXFileReference; lastKnownFileType = image.png; path = icon_r11_c5_s1.png; sourceTree = "<group>"; };
		507EEA2015AF13D0000FA84E /* icon_r13_c13_s1.png */ = {isa = PBXFileReference; lastKnownFileType = image.png; path = icon_r13_c13_s1.png; sourceTree = "<group>"; };
		507EEA2115AF13D0000FA84E /* icon_r13_c18_s1.png */ = {isa = PBXFileReference; lastKnownFileType = image.png; path = icon_r13_c18_s1.png; sourceTree = "<group>"; };
		507EEA2215AF13D0000FA84E /* icon_r13_c24_s1.png */ = {isa = PBXFileReference; lastKnownFileType = image.png; path = icon_r13_c24_s1.png; sourceTree = "<group>"; };
		507EEA2315AF13D0000FA84E /* icon_r13_c30_s1.png */ = {isa = PBXFileReference; lastKnownFileType = image.png; path = icon_r13_c30_s1.png; sourceTree = "<group>"; };
		507EEA2415AF13D0000FA84E /* icon_r13_c33_s1.png */ = {isa = PBXFileReference; lastKnownFileType = image.png; path = icon_r13_c33_s1.png; sourceTree = "<group>"; };
		507EEA2515AF13D0000FA84E /* icon_r13_c40_s1.png */ = {isa = PBXFileReference; lastKnownFileType = image.png; path = icon_r13_c40_s1.png; sourceTree = "<group>"; };
		507EEA2615AF13D0000FA84E /* icon_r13_c5_s1.png */ = {isa = PBXFileReference; lastKnownFileType = image.png; path = icon_r13_c5_s1.png; sourceTree = "<group>"; };
		507EEA2715AF13D0000FA84E /* icon_r15_c13_s1.png */ = {isa = PBXFileReference; lastKnownFileType = image.png; path = icon_r15_c13_s1.png; sourceTree = "<group>"; };
		507EEA2815AF13D0000FA84E /* icon_r15_c18_s1.png */ = {isa = PBXFileReference; lastKnownFileType = image.png; path = icon_r15_c18_s1.png; sourceTree = "<group>"; };
		507EEA2915AF13D0000FA84E /* icon_r15_c24_s1.png */ = {isa = PBXFileReference; lastKnownFileType = image.png; path = icon_r15_c24_s1.png; sourceTree = "<group>"; };
		507EEA2A15AF13D0000FA84E /* icon_r15_c30_s1.png */ = {isa = PBXFileReference; lastKnownFileType = image.png; path = icon_r15_c30_s1.png; sourceTree = "<group>"; };
		507EEA2B15AF13D0000FA84E /* icon_r15_c33_s1.png */ = {isa = PBXFileReference; lastKnownFileType = image.png; path = icon_r15_c33_s1.png; sourceTree = "<group>"; };
		507EEA2C15AF13D0000FA84E /* icon_r15_c40_s1.png */ = {isa = PBXFileReference; lastKnownFileType = image.png; path = icon_r15_c40_s1.png; sourceTree = "<group>"; };
		507EEA2D15AF13D0000FA84E /* icon_r15_c5_s1.png */ = {isa = PBXFileReference; lastKnownFileType = image.png; path = icon_r15_c5_s1.png; sourceTree = "<group>"; };
		507EEA2E15AF13D0000FA84E /* icon_r17_c44_s1.png */ = {isa = PBXFileReference; lastKnownFileType = image.png; path = icon_r17_c44_s1.png; sourceTree = "<group>"; };
		507EEA2F15AF13D0000FA84E /* icon_r17_c46_s1.png */ = {isa = PBXFileReference; lastKnownFileType = image.png; path = icon_r17_c46_s1.png; sourceTree = "<group>"; };
		507EEA3015AF13D0000FA84E /* icon_r18_c34_s1.png */ = {isa = PBXFileReference; lastKnownFileType = image.png; path = icon_r18_c34_s1.png; sourceTree = "<group>"; };
		507EEA3115AF13D0000FA84E /* icon_r18_c39_s1.png */ = {isa = PBXFileReference; lastKnownFileType = image.png; path = icon_r18_c39_s1.png; sourceTree = "<group>"; };
		507EEA3215AF13D0000FA84E /* icon_r19_c11_s1.png */ = {isa = PBXFileReference; lastKnownFileType = image.png; path = icon_r19_c11_s1.png; sourceTree = "<group>"; };
		507EEA3315AF13D0000FA84E /* icon_r19_c19_s1.png */ = {isa = PBXFileReference; lastKnownFileType = image.png; path = icon_r19_c19_s1.png; sourceTree = "<group>"; };
		507EEA3415AF13D0000FA84E /* icon_r19_c24_s1.png */ = {isa = PBXFileReference; lastKnownFileType = image.png; path = icon_r19_c24_s1.png; sourceTree = "<group>"; };
		507EEA3515AF13D0000FA84E /* icon_r19_c3_s1.png */ = {isa = PBXFileReference; lastKnownFileType = image.png; path = icon_r19_c3_s1.png; sourceTree = "<group>"; };
		507EEA3615AF13D0000FA84E /* icon_r2_c12_s1.png */ = {isa = PBXFileReference; lastKnownFileType = image.png; path = icon_r2_c12_s1.png; sourceTree = "<group>"; };
		507EEA3715AF13D0000FA84E /* icon_r2_c21_s1.png */ = {isa = PBXFileReference; lastKnownFileType = image.png; path = icon_r2_c21_s1.png; sourceTree = "<group>"; };
		507EEA3815AF13D0000FA84E /* icon_r2_c27_s1.png */ = {isa = PBXFileReference; lastKnownFileType = image.png; path = icon_r2_c27_s1.png; sourceTree = "<group>"; };
		507EEA3915AF13D0000FA84E /* icon_r2_c4_s1.png */ = {isa = PBXFileReference; lastKnownFileType = image.png; path = icon_r2_c4_s1.png; sourceTree = "<group>"; };
		507EEA3A15AF13D0000FA84E /* icon_r4_c32_s1.png */ = {isa = PBXFileReference; lastKnownFileType = image.png; path = icon_r4_c32_s1.png; sourceTree = "<group>"; };
		507EEA3B15AF13D0000FA84E /* icon_r4_c37_s1.png */ = {isa = PBXFileReference; lastKnownFileType = image.png; path = icon_r4_c37_s1.png; sourceTree = "<group>"; };
		507EEA3C15AF13D0000FA84E /* icon_r5_c20_s1.png */ = {isa = PBXFileReference; lastKnownFileType = image.png; path = icon_r5_c20_s1.png; sourceTree = "<group>"; };
		507EEA3D15AF13D0000FA84E /* icon_r5_c26_s1.png */ = {isa = PBXFileReference; lastKnownFileType = image.png; path = icon_r5_c26_s1.png; sourceTree = "<group>"; };
		507EEA3E15AF13D0000FA84E /* icon_r5_c2_s1.png */ = {isa = PBXFileReference; lastKnownFileType = image.png; path = icon_r5_c2_s1.png; sourceTree = "<group>"; };
		507EEA3F15AF13D0000FA84E /* icon_r5_c7_s1.png */ = {isa = PBXFileReference; lastKnownFileType = image.png; path = icon_r5_c7_s1.png; sourceTree = "<group>"; };
		507EEA4015AF13D0000FA84E /* icon_r6_c32_s1.png */ = {isa = PBXFileReference; lastKnownFileType = image.png; path = icon_r6_c32_s1.png; sourceTree = "<group>"; };
		507EEA4115AF13D0000FA84E /* icon_r6_c37_s1.png */ = {isa = PBXFileReference; lastKnownFileType = image.png; path = icon_r6_c37_s1.png; sourceTree = "<group>"; };
		507EEA4215AF13D0000FA84E /* icon_r9_c13_s1.png */ = {isa = PBXFileReference; lastKnownFileType = image.png; path = icon_r9_c13_s1.png; sourceTree = "<group>"; };
		507EEA4315AF13D0000FA84E /* icon_r9_c18_s1.png */ = {isa = PBXFileReference; lastKnownFileType = image.png; path = icon_r9_c18_s1.png; sourceTree = "<group>"; };
		507EEA4415AF13D0000FA84E /* icon_r9_c24_s1.png */ = {isa = PBXFileReference; lastKnownFileType = image.png; path = icon_r9_c24_s1.png; sourceTree = "<group>"; };
		507EEA4515AF13D0000FA84E /* icon_r9_c30_s1.png */ = {isa = PBXFileReference; lastKnownFileType = image.png; path = icon_r9_c30_s1.png; sourceTree = "<group>"; };
		507EEA4615AF13D0000FA84E /* icon_r9_c33_s1.png */ = {isa = PBXFileReference; lastKnownFileType = image.png; path = icon_r9_c33_s1.png; sourceTree = "<group>"; };
		507EEA4715AF13D0000FA84E /* icon_r9_c5_s1.png */ = {isa = PBXFileReference; lastKnownFileType = image.png; path = icon_r9_c5_s1.png; sourceTree = "<group>"; };
		507EEA4915AF13D0000FA84E /* spcaframe.h */ = {isa = PBXFileReference; fileEncoding = 4; lastKnownFileType = sourcecode.c.h; path = spcaframe.h; sourceTree = "<group>"; };
		509DE1C215F6F6270075178F /* myVideo.h */ = {isa = PBXFileReference; fileEncoding = 4; lastKnownFileType = sourcecode.c.h; path = myVideo.h; sourceTree = "<group>"; };
		509DE1C315F6F6270075178F /* myVideo.m */ = {isa = PBXFileReference; fileEncoding = 4; lastKnownFileType = sourcecode.c.objc; path = myVideo.m; sourceTree = "<group>"; };
		5A2FC77A1A3D3F09000BCBF2 /* Images.xcassets */ = {isa = PBXFileReference; lastKnownFileType = folder.assetcatalog; path = Images.xcassets; sourceTree = "<group>"; };
		5A2FC77D1A3D3F15000BCBF2 /* Default-1242.png */ = {isa = PBXFileReference; lastKnownFileType = image.png; path = "Default-1242.png"; sourceTree = "<group>"; };
		5A2FC77E1A3D3F15000BCBF2 /* Default-568h@2x.png */ = {isa = PBXFileReference; lastKnownFileType = image.png; path = "Default-568h@2x.png"; sourceTree = "<group>"; };
		5A2FC77F1A3D3F15000BCBF2 /* Default-750.png */ = {isa = PBXFileReference; lastKnownFileType = image.png; path = "Default-750.png"; sourceTree = "<group>"; };
		5A2FC7801A3D3F15000BCBF2 /* Default.png */ = {isa = PBXFileReference; lastKnownFileType = image.png; path = Default.png; sourceTree = "<group>"; };
		5A2FC7811A3D3F15000BCBF2 /* Default@2x.png */ = {isa = PBXFileReference; lastKnownFileType = image.png; path = "Default@2x.png"; sourceTree = "<group>"; };
		D8BC4E9715DD296D00B012B6 /* KKScrollView.h */ = {isa = PBXFileReference; fileEncoding = 4; lastKnownFileType = sourcecode.c.h; path = KKScrollView.h; sourceTree = "<group>"; };
		D8BC4E9815DD296D00B012B6 /* KKScrollView.m */ = {isa = PBXFileReference; fileEncoding = 4; lastKnownFileType = sourcecode.c.objc; path = KKScrollView.m; sourceTree = "<group>"; };
		D8BC4E9B15DD297800B012B6 /* TapDetectingImageView.h */ = {isa = PBXFileReference; fileEncoding = 4; lastKnownFileType = sourcecode.c.h; path = TapDetectingImageView.h; sourceTree = "<group>"; };
		D8BC4E9C15DD297800B012B6 /* TapDetectingImageView.mm */ = {isa = PBXFileReference; fileEncoding = 4; lastKnownFileType = sourcecode.cpp.objcpp; path = TapDetectingImageView.mm; sourceTree = "<group>"; };
/* End PBXFileReference section */

/* Begin PBXFrameworksBuildPhase section */
		1D60588F0D05DD3D006BFB54 /* Frameworks */ = {
			isa = PBXFrameworksBuildPhase;
			buildActionMask = 2147483647;
			files = (
				500623A3157CAEB7008C2B07 /* CFNetwork.framework in Frameworks */,
				1D60589F0D05DD5A006BFB54 /* Foundation.framework in Frameworks */,
				1DF5F4E00D08C38300B7A737 /* UIKit.framework in Frameworks */,
				288765A50DF7441C002DB57D /* CoreGraphics.framework in Frameworks */,
				048D2AE415BE81A6005107BD /* MediaPlayer.framework in Frameworks */,
				048D2AE815BE81BD005107BD /* QuartzCore.framework in Frameworks */,
				048D2AEC15BE81D7005107BD /* CoreVideo.framework in Frameworks */,
				048D2AF015BE81E7005107BD /* CoreMedia.framework in Frameworks */,
				048D2AF415BE81EE005107BD /* AVFoundation.framework in Frameworks */,
				0496AA0615C262CA00526976 /* AssetsLibrary.framework in Frameworks */,
				0496AB9C15C2821800526976 /* AudioToolbox.framework in Frameworks */,
				0489DC4615C6661D001AED2F /* OpenAL.framework in Frameworks */,
				048B53ED15CBB26200147A8C /* SystemConfiguration.framework in Frameworks */,
			);
			runOnlyForDeploymentPostprocessing = 0;
		};
/* End PBXFrameworksBuildPhase section */

/* Begin PBXGroup section */
		16607B4315FF893F0017FCC4 /* Vendor */ = {
			isa = PBXGroup;
			children = (
				16607B4515FF89B30017FCC4 /* SHKActivityIndicator.h */,
				16607B4615FF89B30017FCC4 /* SHKActivityIndicator.m */,
			);
			name = Vendor;
			sourceTree = "<group>";
		};
		16CCDE1015FE32FB00303965 /* Modals */ = {
			isa = PBXGroup;
			children = (
				16CCDE1215FE335800303965 /* SWRouteRecord.h */,
				16CCDE1315FE335800303965 /* SWRouteRecord.m */,
				16FDB64A15FED1C7003DAC3A /* SWPathModel.h */,
				16FDB64B15FED1C7003DAC3A /* SWPathModel.m */,
			);
			name = Modals;
			sourceTree = "<group>";
		};
		19C28FACFE9D520D11CA2CBB /* Products */ = {
			isa = PBXGroup;
			children = (
				1D6058910D05DD3D006BFB54 /* Monicar.app */,
			);
			name = Products;
			sourceTree = "<group>";
		};
		29B97314FDCFA39411CA2CEA /* CustomTemplate */ = {
			isa = PBXGroup;
			children = (
				2D64C6231A48320400D5E112 /* icons */,
				5A2FC77A1A3D3F09000BCBF2 /* Images.xcassets */,
				16607B4315FF893F0017FCC4 /* Vendor */,
				507EEA0A15AF13D0000FA84E /* src */,
				5008758815A74E0800A52053 /* icon.png */,
				500623B6157CB163008C2B07 /* Test_Prefix.pch */,
				500623B7157CB163008C2B07 /* Test-Info.plist */,
				500623A2157CAEB7008C2B07 /* CFNetwork.framework */,
				29B97323FDCFA39411CA2CEA /* Frameworks */,
				19C28FACFE9D520D11CA2CBB /* Products */,
				0496959915B1927500547217 /* Untitled-Info.plist */,
				048D2B2A15BE996E005107BD /* movie.mov */,
				0496AA0515C262CA00526976 /* AssetsLibrary.framework */,
			);
			name = CustomTemplate;
			sourceTree = "<group>";
		};
		29B97323FDCFA39411CA2CEA /* Frameworks */ = {
			isa = PBXGroup;
			children = (
				1DF5F4DF0D08C38300B7A737 /* UIKit.framework */,
				1D30AB110D05D00D00671497 /* Foundation.framework */,
				288765A40DF7441C002DB57D /* CoreGraphics.framework */,
				048D2AE315BE81A6005107BD /* MediaPlayer.framework */,
				048D2AE715BE81BD005107BD /* QuartzCore.framework */,
				048D2AEB15BE81D7005107BD /* CoreVideo.framework */,
				048D2AEF15BE81E7005107BD /* CoreMedia.framework */,
				048D2AF315BE81EE005107BD /* AVFoundation.framework */,
				0496AB9B15C2821800526976 /* AudioToolbox.framework */,
				0489DC4515C6661D001AED2F /* OpenAL.framework */,
				048B53EC15CBB26200147A8C /* SystemConfiguration.framework */,
			);
			name = Frameworks;
			sourceTree = "<group>";
		};
		2D64C6231A48320400D5E112 /* icons */ = {
			isa = PBXGroup;
			children = (
				2D64C6241A48320400D5E112 /* Icon-60.png */,
				2D64C6251A48320400D5E112 /* Icon-60@2x.png */,
				2D64C6261A48320400D5E112 /* Icon-60@3x.png */,
				2D64C6271A48320400D5E112 /* Icon-72.png */,
				2D64C6281A48320400D5E112 /* Icon-72@2x.png */,
				2D64C6291A48320400D5E112 /* Icon-76.png */,
				2D64C62A1A48320400D5E112 /* Icon-76@2x.png */,
				2D64C62B1A48320400D5E112 /* Icon-Small-50.png */,
				2D64C62C1A48320400D5E112 /* Icon-Small-50@2x.png */,
				2D64C62D1A48320400D5E112 /* Icon-Small.png */,
				2D64C62E1A48320400D5E112 /* Icon-Small@2x.png */,
				2D64C62F1A48320400D5E112 /* Icon-Spotlight-40.png */,
				2D64C6301A48320400D5E112 /* Icon-Spotlight-40@2x.png */,
				2D64C6311A48320400D5E112 /* Icon.png */,
				2D64C6321A48320400D5E112 /* Icon@2x.png */,
				2D64C6331A48320400D5E112 /* iTunesArtwork */,
				2D64C6341A48320400D5E112 /* iTunesArtwork@2x */,
			);
			path = icons;
			sourceTree = SOURCE_ROOT;
		};
		507EEA0A15AF13D0000FA84E /* src */ = {
			isa = PBXGroup;
			children = (
				5A2FC77C1A3D3F15000BCBF2 /* res2 */,
				509DE1C215F6F6270075178F /* myVideo.h */,
				509DE1C315F6F6270075178F /* myVideo.m */,
				D8BC4E9715DD296D00B012B6 /* KKScrollView.h */,
				D8BC4E9815DD296D00B012B6 /* KKScrollView.m */,
				D8BC4E9B15DD297800B012B6 /* TapDetectingImageView.h */,
				D8BC4E9C15DD297800B012B6 /* TapDetectingImageView.mm */,
				507EEA0B15AF13D0000FA84E /* AppDelegate.h */,
				507EEA0C15AF13D0000FA84E /* AppDelegate.m */,
				507EEA0E15AF13D0000FA84E /* AsyncSocket.h */,
				507EEA0F15AF13D0000FA84E /* AsyncSocket.m */,
				507EEA1115AF13D0000FA84E /* DemoViewController.h */,
				507EEA1215AF13D0000FA84E /* DemoViewController.m */,
				16CCDE1015FE32FB00303965 /* Modals */,
				507EEA1415AF13D0000FA84E /* DjSocket.h */,
				507EEA1515AF13D0000FA84E /* DjSocket.m */,
				507EEA1715AF13D0000FA84E /* main.m */,
				507EEA1915AF13D0000FA84E /* res */,
				507EEA4915AF13D0000FA84E /* spcaframe.h */,
				0489DC2F15C66580001AED2F /* myAudio.h */,
				0489DC3015C66580001AED2F /* myAudio.m */,
			);
			path = src;
			sourceTree = "<group>";
		};
		507EEA1915AF13D0000FA84E /* res */ = {
			isa = PBXGroup;
			children = (
				504DE88C1600DE6000356F61 /* icon_r21_c3_s1.png */,
				507EEA1A15AF13D0000FA84E /* icon_r11_c13_s1.png */,
				507EEA1B15AF13D0000FA84E /* icon_r11_c18_s1.png */,
				507EEA1C15AF13D0000FA84E /* icon_r11_c24_s1.png */,
				507EEA1D15AF13D0000FA84E /* icon_r11_c30_s1.png */,
				507EEA1E15AF13D0000FA84E /* icon_r11_c33_s1.png */,
				507EEA1F15AF13D0000FA84E /* icon_r11_c5_s1.png */,
				507EEA2015AF13D0000FA84E /* icon_r13_c13_s1.png */,
				507EEA2115AF13D0000FA84E /* icon_r13_c18_s1.png */,
				507EEA2215AF13D0000FA84E /* icon_r13_c24_s1.png */,
				507EEA2315AF13D0000FA84E /* icon_r13_c30_s1.png */,
				507EEA2415AF13D0000FA84E /* icon_r13_c33_s1.png */,
				507EEA2515AF13D0000FA84E /* icon_r13_c40_s1.png */,
				507EEA2615AF13D0000FA84E /* icon_r13_c5_s1.png */,
				507EEA2715AF13D0000FA84E /* icon_r15_c13_s1.png */,
				507EEA2815AF13D0000FA84E /* icon_r15_c18_s1.png */,
				507EEA2915AF13D0000FA84E /* icon_r15_c24_s1.png */,
				507EEA2A15AF13D0000FA84E /* icon_r15_c30_s1.png */,
				507EEA2B15AF13D0000FA84E /* icon_r15_c33_s1.png */,
				507EEA2C15AF13D0000FA84E /* icon_r15_c40_s1.png */,
				507EEA2D15AF13D0000FA84E /* icon_r15_c5_s1.png */,
				507EEA2E15AF13D0000FA84E /* icon_r17_c44_s1.png */,
				507EEA2F15AF13D0000FA84E /* icon_r17_c46_s1.png */,
				507EEA3015AF13D0000FA84E /* icon_r18_c34_s1.png */,
				507EEA3115AF13D0000FA84E /* icon_r18_c39_s1.png */,
				507EEA3215AF13D0000FA84E /* icon_r19_c11_s1.png */,
				507EEA3315AF13D0000FA84E /* icon_r19_c19_s1.png */,
				507EEA3415AF13D0000FA84E /* icon_r19_c24_s1.png */,
				507EEA3515AF13D0000FA84E /* icon_r19_c3_s1.png */,
				507EEA3615AF13D0000FA84E /* icon_r2_c12_s1.png */,
				507EEA3715AF13D0000FA84E /* icon_r2_c21_s1.png */,
				507EEA3815AF13D0000FA84E /* icon_r2_c27_s1.png */,
				507EEA3915AF13D0000FA84E /* icon_r2_c4_s1.png */,
				507EEA3A15AF13D0000FA84E /* icon_r4_c32_s1.png */,
				507EEA3B15AF13D0000FA84E /* icon_r4_c37_s1.png */,
				507EEA3C15AF13D0000FA84E /* icon_r5_c20_s1.png */,
				507EEA3D15AF13D0000FA84E /* icon_r5_c26_s1.png */,
				507EEA3E15AF13D0000FA84E /* icon_r5_c2_s1.png */,
				507EEA3F15AF13D0000FA84E /* icon_r5_c7_s1.png */,
				507EEA4015AF13D0000FA84E /* icon_r6_c32_s1.png */,
				507EEA4115AF13D0000FA84E /* icon_r6_c37_s1.png */,
				507EEA4215AF13D0000FA84E /* icon_r9_c13_s1.png */,
				507EEA4315AF13D0000FA84E /* icon_r9_c18_s1.png */,
				507EEA4415AF13D0000FA84E /* icon_r9_c24_s1.png */,
				507EEA4515AF13D0000FA84E /* icon_r9_c30_s1.png */,
				507EEA4615AF13D0000FA84E /* icon_r9_c33_s1.png */,
				507EEA4715AF13D0000FA84E /* icon_r9_c5_s1.png */,
			);
			path = res;
			sourceTree = "<group>";
		};
		5A2FC77C1A3D3F15000BCBF2 /* res2 */ = {
			isa = PBXGroup;
			children = (
				5A2FC77D1A3D3F15000BCBF2 /* Default-1242.png */,
				5A2FC77E1A3D3F15000BCBF2 /* Default-568h@2x.png */,
				5A2FC77F1A3D3F15000BCBF2 /* Default-750.png */,
				5A2FC7801A3D3F15000BCBF2 /* Default.png */,
				5A2FC7811A3D3F15000BCBF2 /* Default@2x.png */,
			);
			path = res2;
			sourceTree = "<group>";
		};
/* End PBXGroup section */

/* Begin PBXNativeTarget section */
		1D6058900D05DD3D006BFB54 /* Test */ = {
			isa = PBXNativeTarget;
			buildConfigurationList = 1D6058960D05DD3E006BFB54 /* Build configuration list for PBXNativeTarget "Test" */;
			buildPhases = (
				1D60588D0D05DD3D006BFB54 /* Resources */,
				1D60588E0D05DD3D006BFB54 /* Sources */,
				1D60588F0D05DD3D006BFB54 /* Frameworks */,
			);
			buildRules = (
			);
			dependencies = (
			);
			name = Test;
			productName = Test;
			productReference = 1D6058910D05DD3D006BFB54 /* Monicar.app */;
			productType = "com.apple.product-type.application";
		};
/* End PBXNativeTarget section */

/* Begin PBXProject section */
		29B97313FDCFA39411CA2CEA /* Project object */ = {
			isa = PBXProject;
			attributes = {
				LastUpgradeCheck = 0440;
				TargetAttributes = {
					1D6058900D05DD3D006BFB54 = {
						DevelopmentTeam = XRZGRJ4JZ4;
						ProvisioningStyle = Manual;
					};
				};
			};
			buildConfigurationList = C01FCF4E08A954540054247B /* Build configuration list for PBXProject "Test" */;
			compatibilityVersion = "Xcode 3.2";
			developmentRegion = English;
			hasScannedForEncodings = 1;
			knownRegions = (
				English,
				Japanese,
				French,
				German,
			);
			mainGroup = 29B97314FDCFA39411CA2CEA /* CustomTemplate */;
			projectDirPath = "";
			projectRoot = "";
			targets = (
				1D6058900D05DD3D006BFB54 /* Test */,
			);
		};
/* End PBXProject section */

/* Begin PBXResourcesBuildPhase section */
		1D60588D0D05DD3D006BFB54 /* Resources */ = {
			isa = PBXResourcesBuildPhase;
			buildActionMask = 2147483647;
			files = (
				2D64C6441A48320400D5E112 /* iTunesArtwork in Resources */,
				5008758915A74E0800A52053 /* icon.png in Resources */,
				5A2FC77B1A3D3F09000BCBF2 /* Images.xcassets in Resources */,
				2D64C6391A48320400D5E112 /* Icon-72@2x.png in Resources */,
				2D64C63E1A48320400D5E112 /* Icon-Small.png in Resources */,
				507EEA5415AF13D0000FA84E /* icon_r11_c13_s1.png in Resources */,
				507EEA5515AF13D0000FA84E /* icon_r11_c18_s1.png in Resources */,
				2D64C6371A48320400D5E112 /* Icon-60@3x.png in Resources */,
				507EEA5615AF13D0000FA84E /* icon_r11_c24_s1.png in Resources */,
				507EEA5715AF13D0000FA84E /* icon_r11_c30_s1.png in Resources */,
				2D64C6431A48320400D5E112 /* Icon@2x.png in Resources */,
				2D64C6421A48320400D5E112 /* Icon.png in Resources */,
				2D64C6451A48320400D5E112 /* iTunesArtwork@2x in Resources */,
				507EEA5815AF13D0000FA84E /* icon_r11_c33_s1.png in Resources */,
				507EEA5915AF13D0000FA84E /* icon_r11_c5_s1.png in Resources */,
				507EEA5A15AF13D0000FA84E /* icon_r13_c13_s1.png in Resources */,
				5A2FC7831A3D3F15000BCBF2 /* Default-568h@2x.png in Resources */,
				2D64C63B1A48320400D5E112 /* Icon-76@2x.png in Resources */,
				2D64C6411A48320400D5E112 /* Icon-Spotlight-40@2x.png in Resources */,
				507EEA5B15AF13D0000FA84E /* icon_r13_c18_s1.png in Resources */,
				507EEA5C15AF13D0000FA84E /* icon_r13_c24_s1.png in Resources */,
				507EEA5D15AF13D0000FA84E /* icon_r13_c30_s1.png in Resources */,
				507EEA5E15AF13D0000FA84E /* icon_r13_c33_s1.png in Resources */,
				507EEA5F15AF13D0000FA84E /* icon_r13_c40_s1.png in Resources */,
				507EEA6015AF13D0000FA84E /* icon_r13_c5_s1.png in Resources */,
				507EEA6115AF13D0000FA84E /* icon_r15_c13_s1.png in Resources */,
				2D64C63F1A48320400D5E112 /* Icon-Small@2x.png in Resources */,
				2D64C6361A48320400D5E112 /* Icon-60@2x.png in Resources */,
				507EEA6215AF13D0000FA84E /* icon_r15_c18_s1.png in Resources */,
				507EEA6315AF13D0000FA84E /* icon_r15_c24_s1.png in Resources */,
				507EEA6415AF13D0000FA84E /* icon_r15_c30_s1.png in Resources */,
				2D64C6401A48320400D5E112 /* Icon-Spotlight-40.png in Resources */,
				507EEA6515AF13D0000FA84E /* icon_r15_c33_s1.png in Resources */,
				507EEA6615AF13D0000FA84E /* icon_r15_c40_s1.png in Resources */,
				507EEA6715AF13D0000FA84E /* icon_r15_c5_s1.png in Resources */,
				507EEA6815AF13D0000FA84E /* icon_r17_c44_s1.png in Resources */,
				5A2FC7821A3D3F15000BCBF2 /* Default-1242.png in Resources */,
				507EEA6915AF13D0000FA84E /* icon_r17_c46_s1.png in Resources */,
				2D64C6351A48320400D5E112 /* Icon-60.png in Resources */,
				507EEA6A15AF13D0000FA84E /* icon_r18_c34_s1.png in Resources */,
				5A2FC7861A3D3F15000BCBF2 /* Default@2x.png in Resources */,
				507EEA6B15AF13D0000FA84E /* icon_r18_c39_s1.png in Resources */,
				2D64C63A1A48320400D5E112 /* Icon-76.png in Resources */,
				507EEA6C15AF13D0000FA84E /* icon_r19_c11_s1.png in Resources */,
				507EEA6D15AF13D0000FA84E /* icon_r19_c19_s1.png in Resources */,
				507EEA6E15AF13D0000FA84E /* icon_r19_c24_s1.png in Resources */,
				507EEA6F15AF13D0000FA84E /* icon_r19_c3_s1.png in Resources */,
				507EEA7015AF13D0000FA84E /* icon_r2_c12_s1.png in Resources */,
				507EEA7115AF13D0000FA84E /* icon_r2_c21_s1.png in Resources */,
				507EEA7215AF13D0000FA84E /* icon_r2_c27_s1.png in Resources */,
				507EEA7315AF13D0000FA84E /* icon_r2_c4_s1.png in Resources */,
				5A2FC7841A3D3F15000BCBF2 /* Default-750.png in Resources */,
				2D64C6381A48320400D5E112 /* Icon-72.png in Resources */,
				5A2FC7851A3D3F15000BCBF2 /* Default.png in Resources */,
				507EEA7415AF13D0000FA84E /* icon_r4_c32_s1.png in Resources */,
				507EEA7515AF13D0000FA84E /* icon_r4_c37_s1.png in Resources */,
				507EEA7615AF13D0000FA84E /* icon_r5_c20_s1.png in Resources */,
				507EEA7715AF13D0000FA84E /* icon_r5_c26_s1.png in Resources */,
				2D64C63D1A48320400D5E112 /* Icon-Small-50@2x.png in Resources */,
				507EEA7815AF13D0000FA84E /* icon_r5_c2_s1.png in Resources */,
				507EEA7915AF13D0000FA84E /* icon_r5_c7_s1.png in Resources */,
				507EEA7A15AF13D0000FA84E /* icon_r6_c32_s1.png in Resources */,
				507EEA7B15AF13D0000FA84E /* icon_r6_c37_s1.png in Resources */,
				507EEA7C15AF13D0000FA84E /* icon_r9_c13_s1.png in Resources */,
				507EEA7D15AF13D0000FA84E /* icon_r9_c18_s1.png in Resources */,
				507EEA7E15AF13D0000FA84E /* icon_r9_c24_s1.png in Resources */,
				2D64C63C1A48320400D5E112 /* Icon-Small-50.png in Resources */,
				507EEA7F15AF13D0000FA84E /* icon_r9_c30_s1.png in Resources */,
				507EEA8015AF13D0000FA84E /* icon_r9_c33_s1.png in Resources */,
				507EEA8115AF13D0000FA84E /* icon_r9_c5_s1.png in Resources */,
				048D2B2B15BE996E005107BD /* movie.mov in Resources */,
				504DE88D1600DE6000356F61 /* icon_r21_c3_s1.png in Resources */,
			);
			runOnlyForDeploymentPostprocessing = 0;
		};
/* End PBXResourcesBuildPhase section */

/* Begin PBXSourcesBuildPhase section */
		1D60588E0D05DD3D006BFB54 /* Sources */ = {
			isa = PBXSourcesBuildPhase;
			buildActionMask = 2147483647;
			files = (
				507EEA4A15AF13D0000FA84E /* AppDelegate.m in Sources */,
				507EEA4C15AF13D0000FA84E /* AsyncSocket.m in Sources */,
				507EEA4E15AF13D0000FA84E /* DemoViewController.m in Sources */,
				507EEA5015AF13D0000FA84E /* DjSocket.m in Sources */,
				507EEA5215AF13D0000FA84E /* main.m in Sources */,
				0489DC3115C66580001AED2F /* myAudio.m in Sources */,
				D8BC4E9915DD296D00B012B6 /* KKScrollView.m in Sources */,
				D8BC4E9D15DD297800B012B6 /* TapDetectingImageView.mm in Sources */,
				509DE1C415F6F6270075178F /* myVideo.m in Sources */,
				16CCDE1415FE335800303965 /* SWRouteRecord.m in Sources */,
				16FDB64C15FED1C7003DAC3A /* SWPathModel.m in Sources */,
				16607B4715FF89B30017FCC4 /* SHKActivityIndicator.m in Sources */,
			);
			runOnlyForDeploymentPostprocessing = 0;
		};
/* End PBXSourcesBuildPhase section */

/* Begin XCBuildConfiguration section */
		1D6058940D05DD3E006BFB54 /* Debug */ = {
			isa = XCBuildConfiguration;
			buildSettings = {
				ALWAYS_SEARCH_USER_PATHS = NO;
				ARCHS = "$(ARCHS_STANDARD)";
				ASSETCATALOG_COMPILER_APPICON_NAME = AppIcon;
				ASSETCATALOG_COMPILER_LAUNCHIMAGE_NAME = LaunchImage;
				CODE_SIGN_IDENTITY = "iPhone Developer: YANG XU (5PD726Y8RY)";
				"CODE_SIGN_IDENTITY[sdk=iphoneos*]" = "iPhone Developer";
				CODE_SIGN_STYLE = Manual;
				COPY_PHASE_STRIP = NO;
				DEVELOPMENT_TEAM = XRZGRJ4JZ4;
				FRAMEWORK_SEARCH_PATHS = (
					"$(inherited)",
					"\"$(DEVELOPER_FRAMEWORKS_DIR)\"",
				);
				GCC_DYNAMIC_NO_PIC = NO;
				GCC_OPTIMIZATION_LEVEL = 0;
				GCC_PRECOMPILE_PREFIX_HEADER = YES;
				GCC_PREFIX_HEADER = Test_Prefix.pch;
				INFOPLIST_FILE = "Test-Info.plist";
				IPHONEOS_DEPLOYMENT_TARGET = 10.0;
				LIBRARY_SEARCH_PATHS = (
					"$(inherited)",
					"\"$(SRCROOT)\"",
				);
				PRODUCT_BUNDLE_IDENTIFIER = com.monicar.test;
				PRODUCT_NAME = Monicar;
				PROVISIONING_PROFILE = "";
				"PROVISIONING_PROFILE[sdk=iphoneos*]" = "ef614b85-a610-4949-ac66-46c4865e2413";
				PROVISIONING_PROFILE_SPECIFIER = "";
				TARGETED_DEVICE_FAMILY = "1,2";
				VALID_ARCHS = "armv7s armv7 arm64";
			};
			name = Debug;
		};
		1D6058950D05DD3E006BFB54 /* Release */ = {
			isa = XCBuildConfiguration;
			buildSettings = {
				ALWAYS_SEARCH_USER_PATHS = NO;
				ARCHS = "$(ARCHS_STANDARD)";
				ASSETCATALOG_COMPILER_APPICON_NAME = AppIcon;
				ASSETCATALOG_COMPILER_LAUNCHIMAGE_NAME = LaunchImage;
				CODE_SIGN_IDENTITY = "iPhone Developer";
				"CODE_SIGN_IDENTITY[sdk=iphoneos*]" = "iPhone Developer";
				CODE_SIGN_STYLE = Manual;
				COPY_PHASE_STRIP = YES;
				DEVELOPMENT_TEAM = XRZGRJ4JZ4;
				FRAMEWORK_SEARCH_PATHS = (
					"$(inherited)",
					"\"$(DEVELOPER_FRAMEWORKS_DIR)\"",
				);
				GCC_PRECOMPILE_PREFIX_HEADER = YES;
				GCC_PREFIX_HEADER = Test_Prefix.pch;
				INFOPLIST_FILE = "Test-Info.plist";
				IPHONEOS_DEPLOYMENT_TARGET = 10.0;
				LIBRARY_SEARCH_PATHS = (
					"$(inherited)",
					"\"$(SRCROOT)\"",
				);
				PRODUCT_BUNDLE_IDENTIFIER = com.monicar.test;
				PRODUCT_NAME = Monicar;
				PROVISIONING_PROFILE = "";
				"PROVISIONING_PROFILE[sdk=iphoneos*]" = "ef614b85-a610-4949-ac66-46c4865e2413";
				PROVISIONING_PROFILE_SPECIFIER = "";
				TARGETED_DEVICE_FAMILY = "1,2";
				VALIDATE_PRODUCT = YES;
				VALID_ARCHS = "armv7s armv7 arm64";
			};
			name = Release;
		};
		C01FCF4F08A954540054247B /* Debug */ = {
			isa = XCBuildConfiguration;
			buildSettings = {
				ARCHS = (
					armv6,
					"$(ARCHS_STANDARD_32_BIT)",
				);
				CODE_SIGN_IDENTITY = "iPhone Developer: YANG XU (5PD726Y8RY)";
				"CODE_SIGN_IDENTITY[sdk=iphoneos*]" = "iPhone Developer: YANG XU (5PD726Y8RY)";
				GCC_C_LANGUAGE_STANDARD = c99;
				GCC_WARN_ABOUT_RETURN_TYPE = YES;
				GCC_WARN_UNUSED_VARIABLE = YES;
				HEADER_SEARCH_PATHS = "";
				IPHONEOS_DEPLOYMENT_TARGET = 10.0;
				LIBRARY_SEARCH_PATHS = "";
				ONLY_ACTIVE_ARCH = NO;
				OTHER_LDFLAGS = "";
				PRODUCT_NAME = Monicar;
				PROVISIONING_PROFILE = "1433798E-E178-4FF1-B89C-ACE3004AF977";
				"PROVISIONING_PROFILE[sdk=iphoneos*]" = "1433798E-E178-4FF1-B89C-ACE3004AF977";
				SDKROOT = iphoneos;
				VALID_ARCHS = armv6;
			};
			name = Debug;
		};
		C01FCF5008A954540054247B /* Release */ = {
			isa = XCBuildConfiguration;
			buildSettings = {
				ARCHS = (
					armv6,
					"$(ARCHS_STANDARD_32_BIT)",
				);
				CODE_SIGN_IDENTITY = "iPhone Developer: YANG XU (5PD726Y8RY)";
				"CODE_SIGN_IDENTITY[sdk=iphoneos*]" = "iPhone Developer: YANG XU (5PD726Y8RY)";
				GCC_C_LANGUAGE_STANDARD = c99;
				GCC_WARN_ABOUT_RETURN_TYPE = YES;
				GCC_WARN_UNUSED_VARIABLE = YES;
				HEADER_SEARCH_PATHS = "";
				IPHONEOS_DEPLOYMENT_TARGET = 10.0;
				LIBRARY_SEARCH_PATHS = "";
				ONLY_ACTIVE_ARCH = NO;
				OTHER_CFLAGS = "-DNS_BLOCK_ASSERTIONS=1";
				OTHER_LDFLAGS = "";
				PRODUCT_NAME = Monicar;
				PROVISIONING_PROFILE = "1433798E-E178-4FF1-B89C-ACE3004AF977";
				"PROVISIONING_PROFILE[sdk=iphoneos*]" = "1433798E-E178-4FF1-B89C-ACE3004AF977";
				SDKROOT = iphoneos;
				VALID_ARCHS = armv6;
			};
			name = Release;
		};
		DCCFFB2715A6CD6A003E99EE /* AdHoc */ = {
			isa = XCBuildConfiguration;
			buildSettings = {
				ARCHS = (
					armv6,
					"$(ARCHS_STANDARD_32_BIT)",
				);
				CODE_SIGN_IDENTITY = "iPhone Developer: YANG XU (5PD726Y8RY)";
				"CODE_SIGN_IDENTITY[sdk=iphoneos*]" = "iPhone Developer: YANG XU (5PD726Y8RY)";
				GCC_C_LANGUAGE_STANDARD = c99;
				GCC_WARN_ABOUT_RETURN_TYPE = YES;
				GCC_WARN_UNUSED_VARIABLE = YES;
				HEADER_SEARCH_PATHS = "";
				IPHONEOS_DEPLOYMENT_TARGET = 10.0;
				LIBRARY_SEARCH_PATHS = "";
				ONLY_ACTIVE_ARCH = NO;
				OTHER_CFLAGS = "-DNS_BLOCK_ASSERTIONS=1";
				OTHER_LDFLAGS = "";
				PRODUCT_NAME = Monicar;
				PROVISIONING_PROFILE = "1433798E-E178-4FF1-B89C-ACE3004AF977";
				"PROVISIONING_PROFILE[sdk=iphoneos*]" = "1433798E-E178-4FF1-B89C-ACE3004AF977";
				SDKROOT = iphoneos;
				VALID_ARCHS = armv6;
			};
			name = AdHoc;
		};
		DCCFFB2815A6CD6A003E99EE /* AdHoc */ = {
			isa = XCBuildConfiguration;
			buildSettings = {
				ALWAYS_SEARCH_USER_PATHS = NO;
				ARCHS = "$(ARCHS_STANDARD)";
				ASSETCATALOG_COMPILER_APPICON_NAME = AppIcon;
				ASSETCATALOG_COMPILER_LAUNCHIMAGE_NAME = LaunchImage;
				CODE_SIGN_IDENTITY = "iPhone Developer";
				"CODE_SIGN_IDENTITY[sdk=iphoneos*]" = "iPhone Developer";
				CODE_SIGN_STYLE = Manual;
				COPY_PHASE_STRIP = YES;
				DEVELOPMENT_TEAM = XRZGRJ4JZ4;
				FRAMEWORK_SEARCH_PATHS = (
					"$(inherited)",
					"\"$(DEVELOPER_FRAMEWORKS_DIR)\"",
				);
				GCC_PRECOMPILE_PREFIX_HEADER = YES;
				GCC_PREFIX_HEADER = Test_Prefix.pch;
				INFOPLIST_FILE = "Test-Info.plist";
				IPHONEOS_DEPLOYMENT_TARGET = 10.0;
				LIBRARY_SEARCH_PATHS = (
					"$(inherited)",
					"\"$(SRCROOT)\"",
				);
				PRODUCT_BUNDLE_IDENTIFIER = com.monicar.test;
				PRODUCT_NAME = Monicar;
				PROVISIONING_PROFILE = "";
				"PROVISIONING_PROFILE[sdk=iphoneos*]" = "ef614b85-a610-4949-ac66-46c4865e2413";
				PROVISIONING_PROFILE_SPECIFIER = "";
				TARGETED_DEVICE_FAMILY = "1,2";
				VALIDATE_PRODUCT = YES;
				VALID_ARCHS = "armv7s armv7 arm64";
			};
			name = AdHoc;
		};
/* End XCBuildConfiguration section */

/* Begin XCConfigurationList section */
		1D6058960D05DD3E006BFB54 /* Build configuration list for PBXNativeTarget "Test" */ = {
			isa = XCConfigurationList;
			buildConfigurations = (
				1D6058940D05DD3E006BFB54 /* Debug */,
				1D6058950D05DD3E006BFB54 /* Release */,
				DCCFFB2815A6CD6A003E99EE /* AdHoc */,
			);
			defaultConfigurationIsVisible = 0;
			defaultConfigurationName = Release;
		};
		C01FCF4E08A954540054247B /* Build configuration list for PBXProject "Test" */ = {
			isa = XCConfigurationList;
			buildConfigurations = (
				C01FCF4F08A954540054247B /* Debug */,
				C01FCF5008A954540054247B /* Release */,
				DCCFFB2715A6CD6A003E99EE /* AdHoc */,
			);
			defaultConfigurationIsVisible = 0;
			defaultConfigurationName = Release;
		};
/* End XCConfigurationList section */
	};
	rootObject = 29B97313FDCFA39411CA2CEA /* Project object */;
}
